
Microsoft Visual Studio Solution File, Format Version 12.00
# Visual Studio Version 17
VisualStudioVersion = 17.10.35122.118
MinimumVisualStudioVersion = 10.0.40219.1
Project("{FAE04EC0-301F-11D3-BF4B-00C04F79EFBC}") = "ConsoleApp4", "ConsoleApp4\ConsoleApp4.csproj", "{6FBB9FA3-470D-4B54-BF8E-CB90A997638A}"
EndProject
Global
	GlobalSection(SolutionConfigurationPlatforms) = preSolution
		Debug|Any CPU = Debug|Any CPU
		Release|Any CPU = Release|Any CPU
	EndGlobalSection
	GlobalSection(ProjectConfigurationPlatforms) = postSolution
		{6FBB9FA3-470D-4B54-BF8E-CB90A997638A}.Debug|Any CPU.ActiveCfg = Debug|Any CPU
		{6FBB9FA3-470D-4B54-BF8E-CB90A997638A}.Debug|Any CPU.Build.0 = Debug|Any CPU
		{6FBB9FA3-470D-4B54-BF8E-CB90A997638A}.Release|Any CPU.ActiveCfg = Release|Any CPU
		{6FBB9FA3-470D-4B54-BF8E-CB90A997638A}.Release|Any CPU.Build.0 = Release|Any CPU
	EndGlobalSection
	GlobalSection(SolutionProperties) = preSolution
		HideSolutionNode = FALSE
	EndGlobalSection
	GlobalSection(ExtensibilityGlobals) = postSolution
		SolutionGuid = {1A8393D6-063F-42BF-AFEB-41DA73775165}
	EndGlobalSection
EndGlobal
